
Microsoft Visual Studio Solution File, Format Version 12.00
# Visual Studio 2012
Project("{FAE04EC0-301F-11D3-BF4B-00C04F79EFBC}") = "JSON_Assignment", "JSON_Assignment\JSON_Assignment.csproj", "{99BD4AB8-1464-4423-AE63-45C427DE26FB}"
EndProject
Global
	GlobalSection(SolutionConfigurationPlatforms) = preSolution
		Debug|Any CPU = Debug|Any CPU
		Release|Any CPU = Release|Any CPU
	EndGlobalSection
	GlobalSection(ProjectConfigurationPlatforms) = postSolution
		{99BD4AB8-1464-4423-AE63-45C427DE26FB}.Debug|Any CPU.ActiveCfg = Debug|Any CPU
		{99BD4AB8-1464-4423-AE63-45C427DE26FB}.Debug|Any CPU.Build.0 = Debug|Any CPU
		{99BD4AB8-1464-4423-AE63-45C427DE26FB}.Release|Any CPU.ActiveCfg = Release|Any CPU
		{99BD4AB8-1464-4423-AE63-45C427DE26FB}.Release|Any CPU.Build.0 = Release|Any CPU
	EndGlobalSection
	GlobalSection(SolutionProperties) = preSolution
		HideSolutionNode = FALSE
	EndGlobalSection
EndGlobal
